
Microsoft Visual Studio Solution File, Format Version 12.00
# Visual Studio Version 16
VisualStudioVersion = 16.0.35325.158
MinimumVisualStudioVersion = 10.0.40219.1
Project("{FAE04EC0-301F-11D3-BF4B-00C04F79EFBC}") = "ConsoleApp1", "ConsoleApp1\ConsoleApp1.csproj", "{51CB88E7-764C-4AE5-8346-8ADCA2B0179A}"
EndProject
Global
	GlobalSection(SolutionConfigurationPlatforms) = preSolution
		Debug|Any CPU = Debug|Any CPU
		Release|Any CPU = Release|Any CPU
	EndGlobalSection
	GlobalSection(ProjectConfigurationPlatforms) = postSolution
		{51CB88E7-764C-4AE5-8346-8ADCA2B0179A}.Debug|Any CPU.ActiveCfg = Debug|Any CPU
		{51CB88E7-764C-4AE5-8346-8ADCA2B0179A}.Debug|Any CPU.Build.0 = Debug|Any CPU
		{51CB88E7-764C-4AE5-8346-8ADCA2B0179A}.Release|Any CPU.ActiveCfg = Release|Any CPU
		{51CB88E7-764C-4AE5-8346-8ADCA2B0179A}.Release|Any CPU.Build.0 = Release|Any CPU
	EndGlobalSection
	GlobalSection(SolutionProperties) = preSolution
		HideSolutionNode = FALSE
	EndGlobalSection
	GlobalSection(ExtensibilityGlobals) = postSolution
		SolutionGuid = {00A6D679-937D-47C8-B71C-A4CEA7C7FEB0}
	EndGlobalSection
EndGlobal
