
Microsoft Visual Studio Solution File, Format Version 12.00
# Visual Studio Version 16
VisualStudioVersion = 16.0.35325.158
MinimumVisualStudioVersion = 10.0.40219.1
Project("{9A19103F-16F7-4668-BE54-9A1E7A4F7556}") = "ConsoleApp1", "ConsoleApp1\ConsoleApp1.csproj", "{51CB88E7-764C-4AE5-8346-8ADCA2B0179A}"
EndProject
Project("{9A19103F-16F7-4668-BE54-9A1E7A4F7556}") = "Reactive", "Reactive\Reactive.csproj", "{845773B6-DCB6-400D-A107-55E071AE492F}"
EndProject
Project("{FAE04EC0-301F-11D3-BF4B-00C04F79EFBC}") = "LINQ", "LINQ\LINQ.csproj", "{26A0F5E9-C2A3-4C8E-A40B-46F4ED48123B}"
EndProject
Global
	GlobalSection(SolutionConfigurationPlatforms) = preSolution
		Debug|Any CPU = Debug|Any CPU
		Release|Any CPU = Release|Any CPU
	EndGlobalSection
	GlobalSection(ProjectConfigurationPlatforms) = postSolution
		{51CB88E7-764C-4AE5-8346-8ADCA2B0179A}.Debug|Any CPU.ActiveCfg = Debug|Any CPU
		{51CB88E7-764C-4AE5-8346-8ADCA2B0179A}.Debug|Any CPU.Build.0 = Debug|Any CPU
		{51CB88E7-764C-4AE5-8346-8ADCA2B0179A}.Release|Any CPU.ActiveCfg = Release|Any CPU
		{51CB88E7-764C-4AE5-8346-8ADCA2B0179A}.Release|Any CPU.Build.0 = Release|Any CPU
		{845773B6-DCB6-400D-A107-55E071AE492F}.Debug|Any CPU.ActiveCfg = Debug|Any CPU
		{845773B6-DCB6-400D-A107-55E071AE492F}.Debug|Any CPU.Build.0 = Debug|Any CPU
		{845773B6-DCB6-400D-A107-55E071AE492F}.Release|Any CPU.ActiveCfg = Release|Any CPU
		{845773B6-DCB6-400D-A107-55E071AE492F}.Release|Any CPU.Build.0 = Release|Any CPU
		{26A0F5E9-C2A3-4C8E-A40B-46F4ED48123B}.Debug|Any CPU.ActiveCfg = Debug|Any CPU
		{26A0F5E9-C2A3-4C8E-A40B-46F4ED48123B}.Debug|Any CPU.Build.0 = Debug|Any CPU
		{26A0F5E9-C2A3-4C8E-A40B-46F4ED48123B}.Release|Any CPU.ActiveCfg = Release|Any CPU
		{26A0F5E9-C2A3-4C8E-A40B-46F4ED48123B}.Release|Any CPU.Build.0 = Release|Any CPU
	EndGlobalSection
	GlobalSection(SolutionProperties) = preSolution
		HideSolutionNode = FALSE
	EndGlobalSection
	GlobalSection(ExtensibilityGlobals) = postSolution
		SolutionGuid = {00A6D679-937D-47C8-B71C-A4CEA7C7FEB0}
	EndGlobalSection
EndGlobal
